// !$*UTF8*$!
{
	archiveVersion = 1;
	classes = {
	};
	objectVersion = 46;
	objects = {

/* Begin PBXBuildFile section */
		037EA7511E2730DB00E6291B /* AppDelegate.swift in Sources */ = {isa = PBXBuildFile; fileRef = 037EA7501E2730DB00E6291B /* AppDelegate.swift */; };
		037EA7531E2730DB00E6291B /* ViewController.swift in Sources */ = {isa = PBXBuildFile; fileRef = 037EA7521E2730DB00E6291B /* ViewController.swift */; };
		037EA7561E2730DB00E6291B /* Main.storyboard in Resources */ = {isa = PBXBuildFile; fileRef = 037EA7541E2730DB00E6291B /* Main.storyboard */; };
		037EA7581E2730DB00E6291B /* Assets.xcassets in Resources */ = {isa = PBXBuildFile; fileRef = 037EA7571E2730DB00E6291B /* Assets.xcassets */; };
		037EA75B1E2730DB00E6291B /* LaunchScreen.storyboard in Resources */ = {isa = PBXBuildFile; fileRef = 037EA7591E2730DB00E6291B /* LaunchScreen.storyboard */; };
		037EA7661E2730DB00E6291B /* Eat_It_or_Wear_ItTests.swift in Sources */ = {isa = PBXBuildFile; fileRef = 037EA7651E2730DB00E6291B /* Eat_It_or_Wear_ItTests.swift */; };
		037EA7711E2730DB00E6291B /* Eat_It_or_Wear_ItUITests.swift in Sources */ = {isa = PBXBuildFile; fileRef = 037EA7701E2730DB00E6291B /* Eat_It_or_Wear_ItUITests.swift */; };
/* End PBXBuildFile section */

/* Begin PBXContainerItemProxy section */
		037EA7621E2730DB00E6291B /* PBXContainerItemProxy */ = {
			isa = PBXContainerItemProxy;
			containerPortal = 037EA7451E2730D900E6291B /* Project object */;
			proxyType = 1;
			remoteGlobalIDString = 037EA74C1E2730DA00E6291B;
			remoteInfo = "Eat It or Wear It";
		};
		037EA76D1E2730DB00E6291B /* PBXContainerItemProxy */ = {
			isa = PBXContainerItemProxy;
			containerPortal = 037EA7451E2730D900E6291B /* Project object */;
			proxyType = 1;
			remoteGlobalIDString = 037EA74C1E2730DA00E6291B;
			remoteInfo = "Eat It or Wear It";
		};
/* End PBXContainerItemProxy section */

/* Begin PBXFileReference section */
		037EA74D1E2730DA00E6291B /* Eat It or Wear It.app */ = {isa = PBXFileReference; explicitFileType = wrapper.application; includeInIndex = 0; path = "Eat It or Wear It.app"; sourceTree = BUILT_PRODUCTS_DIR; };
		037EA7501E2730DB00E6291B /* AppDelegate.swift */ = {isa = PBXFileReference; lastKnownFileType = sourcecode.swift; path = AppDelegate.swift; sourceTree = "<group>"; };
		037EA7521E2730DB00E6291B /* ViewController.swift */ = {isa = PBXFileReference; lastKnownFileType = sourcecode.swift; path = ViewController.swift; sourceTree = "<group>"; };
		037EA7551E2730DB00E6291B /* Base */ = {isa = PBXFileReference; lastKnownFileType = file.storyboard; name = Base; path = Base.lproj/Main.storyboard; sourceTree = "<group>"; };
		037EA7571E2730DB00E6291B /* Assets.xcassets */ = {isa = PBXFileReference; lastKnownFileType = folder.assetcatalog; path = Assets.xcassets; sourceTree = "<group>"; };
		037EA75A1E2730DB00E6291B /* Base */ = {isa = PBXFileReference; lastKnownFileType = file.storyboard; name = Base; path = Base.lproj/LaunchScreen.storyboard; sourceTree = "<group>"; };
		037EA75C1E2730DB00E6291B /* Info.plist */ = {isa = PBXFileReference; lastKnownFileType = text.plist.xml; path = Info.plist; sourceTree = "<group>"; };
		037EA7611E2730DB00E6291B /* Eat It or Wear ItTests.xctest */ = {isa = PBXFileReference; explicitFileType = wrapper.cfbundle; includeInIndex = 0; path = "Eat It or Wear ItTests.xctest"; sourceTree = BUILT_PRODUCTS_DIR; };
		037EA7651E2730DB00E6291B /* Eat_It_or_Wear_ItTests.swift */ = {isa = PBXFileReference; lastKnownFileType = sourcecode.swift; path = Eat_It_or_Wear_ItTests.swift; sourceTree = "<group>"; };
		037EA7671E2730DB00E6291B /* Info.plist */ = {isa = PBXFileReference; lastKnownFileType = text.plist.xml; path = Info.plist; sourceTree = "<group>"; };
		037EA76C1E2730DB00E6291B /* Eat It or Wear ItUITests.xctest */ = {isa = PBXFileReference; explicitFileType = wrapper.cfbundle; includeInIndex = 0; path = "Eat It or Wear ItUITests.xctest"; sourceTree = BUILT_PRODUCTS_DIR; };
		037EA7701E2730DB00E6291B /* Eat_It_or_Wear_ItUITests.swift */ = {isa = PBXFileReference; lastKnownFileType = sourcecode.swift; path = Eat_It_or_Wear_ItUITests.swift; sourceTree = "<group>"; };
		037EA7721E2730DB00E6291B /* Info.plist */ = {isa = PBXFileReference; lastKnownFileType = text.plist.xml; path = Info.plist; sourceTree = "<group>"; };
/* End PBXFileReference section */

/* Begin PBXFrameworksBuildPhase section */
		037EA74A1E2730DA00E6291B /* Frameworks */ = {
			isa = PBXFrameworksBuildPhase;
			buildActionMask = 2147483647;
			files = (
			);
			runOnlyForDeploymentPostprocessing = 0;
		};
		037EA75E1E2730DB00E6291B /* Frameworks */ = {
			isa = PBXFrameworksBuildPhase;
			buildActionMask = 2147483647;
			files = (
			);
			runOnlyForDeploymentPostprocessing = 0;
		};
		037EA7691E2730DB00E6291B /* Frameworks */ = {
			isa = PBXFrameworksBuildPhase;
			buildActionMask = 2147483647;
			files = (
			);
			runOnlyForDeploymentPostprocessing = 0;
		};
/* End PBXFrameworksBuildPhase section */

/* Begin PBXGroup section */
		037EA7441E2730D900E6291B = {
			isa = PBXGroup;
			children = (
				037EA74F1E2730DB00E6291B /* Eat It or Wear It */,
				037EA7641E2730DB00E6291B /* Eat It or Wear ItTests */,
				037EA76F1E2730DB00E6291B /* Eat It or Wear ItUITests */,
				037EA74E1E2730DA00E6291B /* Products */,
			);
			sourceTree = "<group>";
		};
		037EA74E1E2730DA00E6291B /* Products */ = {
			isa = PBXGroup;
			children = (
				037EA74D1E2730DA00E6291B /* Eat It or Wear It.app */,
				037EA7611E2730DB00E6291B /* Eat It or Wear ItTests.xctest */,
				037EA76C1E2730DB00E6291B /* Eat It or Wear ItUITests.xctest */,
			);
			name = Products;
			sourceTree = "<group>";
		};
		037EA74F1E2730DB00E6291B /* Eat It or Wear It */ = {
			isa = PBXGroup;
			children = (
				037EA7501E2730DB00E6291B /* AppDelegate.swift */,
				037EA7521E2730DB00E6291B /* ViewController.swift */,
				037EA7541E2730DB00E6291B /* Main.storyboard */,
				037EA7571E2730DB00E6291B /* Assets.xcassets */,
				037EA7591E2730DB00E6291B /* LaunchScreen.storyboard */,
				037EA75C1E2730DB00E6291B /* Info.plist */,
			);
			path = "Eat It or Wear It";
			sourceTree = "<group>";
		};
		037EA7641E2730DB00E6291B /* Eat It or Wear ItTests */ = {
			isa = PBXGroup;
			children = (
				037EA7651E2730DB00E6291B /* Eat_It_or_Wear_ItTests.swift */,
				037EA7671E2730DB00E6291B /* Info.plist */,
			);
			path = "Eat It or Wear ItTests";
			sourceTree = "<group>";
		};
		037EA76F1E2730DB00E6291B /* Eat It or Wear ItUITests */ = {
			isa = PBXGroup;
			children = (
				037EA7701E2730DB00E6291B /* Eat_It_or_Wear_ItUITests.swift */,
				037EA7721E2730DB00E6291B /* Info.plist */,
			);
			path = "Eat It or Wear ItUITests";
			sourceTree = "<group>";
		};
/* End PBXGroup section */

/* Begin PBXNativeTarget section */
		037EA74C1E2730DA00E6291B /* Eat It or Wear It */ = {
			isa = PBXNativeTarget;
			buildConfigurationList = 037EA7751E2730DB00E6291B /* Build configuration list for PBXNativeTarget "Eat It or Wear It" */;
			buildPhases = (
				037EA7491E2730DA00E6291B /* Sources */,
				037EA74A1E2730DA00E6291B /* Frameworks */,
				037EA74B1E2730DA00E6291B /* Resources */,
			);
			buildRules = (
			);
			dependencies = (
			);
			name = "Eat It or Wear It";
			productName = "Eat It or Wear It";
			productReference = 037EA74D1E2730DA00E6291B /* Eat It or Wear It.app */;
			productType = "com.apple.product-type.application";
		};
		037EA7601E2730DB00E6291B /* Eat It or Wear ItTests */ = {
			isa = PBXNativeTarget;
			buildConfigurationList = 037EA7781E2730DB00E6291B /* Build configuration list for PBXNativeTarget "Eat It or Wear ItTests" */;
			buildPhases = (
				037EA75D1E2730DB00E6291B /* Sources */,
				037EA75E1E2730DB00E6291B /* Frameworks */,
				037EA75F1E2730DB00E6291B /* Resources */,
			);
			buildRules = (
			);
			dependencies = (
				037EA7631E2730DB00E6291B /* PBXTargetDependency */,
			);
			name = "Eat It or Wear ItTests";
			productName = "Eat It or Wear ItTests";
			productReference = 037EA7611E2730DB00E6291B /* Eat It or Wear ItTests.xctest */;
			productType = "com.apple.product-type.bundle.unit-test";
		};
		037EA76B1E2730DB00E6291B /* Eat It or Wear ItUITests */ = {
			isa = PBXNativeTarget;
			buildConfigurationList = 037EA77B1E2730DB00E6291B /* Build configuration list for PBXNativeTarget "Eat It or Wear ItUITests" */;
			buildPhases = (
				037EA7681E2730DB00E6291B /* Sources */,
				037EA7691E2730DB00E6291B /* Frameworks */,
				037EA76A1E2730DB00E6291B /* Resources */,
			);
			buildRules = (
			);
			dependencies = (
				037EA76E1E2730DB00E6291B /* PBXTargetDependency */,
			);
			name = "Eat It or Wear ItUITests";
			productName = "Eat It or Wear ItUITests";
			productReference = 037EA76C1E2730DB00E6291B /* Eat It or Wear ItUITests.xctest */;
			productType = "com.apple.product-type.bundle.ui-testing";
		};
/* End PBXNativeTarget section */

/* Begin PBXProject section */
		037EA7451E2730D900E6291B /* Project object */ = {
			isa = PBXProject;
			attributes = {
				LastSwiftUpdateCheck = 0820;
				LastUpgradeCheck = 0820;
				ORGANIZATIONNAME = "nate tomlinson";
				TargetAttributes = {
					037EA74C1E2730DA00E6291B = {
						CreatedOnToolsVersion = 8.2.1;
						DevelopmentTeam = AYVE6D222F;
						ProvisioningStyle = Automatic;
					};
					037EA7601E2730DB00E6291B = {
						CreatedOnToolsVersion = 8.2.1;
						DevelopmentTeam = AYVE6D222F;
						ProvisioningStyle = Automatic;
						TestTargetID = 037EA74C1E2730DA00E6291B;
					};
					037EA76B1E2730DB00E6291B = {
						CreatedOnToolsVersion = 8.2.1;
						DevelopmentTeam = AYVE6D222F;
						ProvisioningStyle = Automatic;
						TestTargetID = 037EA74C1E2730DA00E6291B;
					};
				};
			};
			buildConfigurationList = 037EA7481E2730D900E6291B /* Build configuration list for PBXProject "Eat It or Wear It" */;
			compatibilityVersion = "Xcode 3.2";
			developmentRegion = English;
			hasScannedForEncodings = 0;
			knownRegions = (
				en,
				Base,
			);
			mainGroup = 037EA7441E2730D900E6291B;
			productRefGroup = 037EA74E1E2730DA00E6291B /* Products */;
			projectDirPath = "";
			projectRoot = "";
			targets = (
				037EA74C1E2730DA00E6291B /* Eat It or Wear It */,
				037EA7601E2730DB00E6291B /* Eat It or Wear ItTests */,
				037EA76B1E2730DB00E6291B /* Eat It or Wear ItUITests */,
			);
		};
/* End PBXProject section */

/* Begin PBXResourcesBuildPhase section */
		037EA74B1E2730DA00E6291B /* Resources */ = {
			isa = PBXResourcesBuildPhase;
			buildActionMask = 2147483647;
			files = (
				037EA75B1E2730DB00E6291B /* LaunchScreen.storyboard in Resources */,
				037EA7581E2730DB00E6291B /* Assets.xcassets in Resources */,
				037EA7561E2730DB00E6291B /* Main.storyboard in Resources */,
			);
			runOnlyForDeploymentPostprocessing = 0;
		};
		037EA75F1E2730DB00E6291B /* Resources */ = {
			isa = PBXResourcesBuildPhase;
			buildActionMask = 2147483647;
			files = (
			);
			runOnlyForDeploymentPostprocessing = 0;
		};
		037EA76A1E2730DB00E6291B /* Resources */ = {
			isa = PBXResourcesBuildPhase;
			buildActionMask = 2147483647;
			files = (
			);
			runOnlyForDeploymentPostprocessing = 0;
		};
/* End PBXResourcesBuildPhase section */

/* Begin PBXSourcesBuildPhase section */
		037EA7491E2730DA00E6291B /* Sources */ = {
			isa = PBXSourcesBuildPhase;
			buildActionMask = 2147483647;
			files = (
				037EA7531E2730DB00E6291B /* ViewController.swift in Sources */,
				037EA7511E2730DB00E6291B /* AppDelegate.swift in Sources */,
			);
			runOnlyForDeploymentPostprocessing = 0;
		};
		037EA75D1E2730DB00E6291B /* Sources */ = {
			isa = PBXSourcesBuildPhase;
			buildActionMask = 2147483647;
			files = (
				037EA7661E2730DB00E6291B /* Eat_It_or_Wear_ItTests.swift in Sources */,
			);
			runOnlyForDeploymentPostprocessing = 0;
		};
		037EA7681E2730DB00E6291B /* Sources */ = {
			isa = PBXSourcesBuildPhase;
			buildActionMask = 2147483647;
			files = (
				037EA7711E2730DB00E6291B /* Eat_It_or_Wear_ItUITests.swift in Sources */,
			);
			runOnlyForDeploymentPostprocessing = 0;
		};
/* End PBXSourcesBuildPhase section */

/* Begin PBXTargetDependency section */
		037EA7631E2730DB00E6291B /* PBXTargetDependency */ = {
			isa = PBXTargetDependency;
			target = 037EA74C1E2730DA00E6291B /* Eat It or Wear It */;
			targetProxy = 037EA7621E2730DB00E6291B /* PBXContainerItemProxy */;
		};
		037EA76E1E2730DB00E6291B /* PBXTargetDependency */ = {
			isa = PBXTargetDependency;
			target = 037EA74C1E2730DA00E6291B /* Eat It or Wear It */;
			targetProxy = 037EA76D1E2730DB00E6291B /* PBXContainerItemProxy */;
		};
/* End PBXTargetDependency section */

/* Begin PBXVariantGroup section */
		037EA7541E2730DB00E6291B /* Main.storyboard */ = {
			isa = PBXVariantGroup;
			children = (
				037EA7551E2730DB00E6291B /* Base */,
			);
			name = Main.storyboard;
			sourceTree = "<group>";
		};
		037EA7591E2730DB00E6291B /* LaunchScreen.storyboard */ = {
			isa = PBXVariantGroup;
			children = (
				037EA75A1E2730DB00E6291B /* Base */,
			);
			name = LaunchScreen.storyboard;
			sourceTree = "<group>";
		};
/* End PBXVariantGroup section */

/* Begin XCBuildConfiguration section */
		037EA7731E2730DB00E6291B /* Debug */ = {
			isa = XCBuildConfiguration;
			buildSettings = {
				ALWAYS_SEARCH_USER_PATHS = NO;
				CLANG_ANALYZER_NONNULL = YES;
				CLANG_CXX_LANGUAGE_STANDARD = "gnu++0x";
				CLANG_CXX_LIBRARY = "libc++";
				CLANG_ENABLE_MODULES = YES;
				CLANG_ENABLE_OBJC_ARC = YES;
				CLANG_WARN_BOOL_CONVERSION = YES;
				CLANG_WARN_CONSTANT_CONVERSION = YES;
				CLANG_WARN_DIRECT_OBJC_ISA_USAGE = YES_ERROR;
				CLANG_WARN_DOCUMENTATION_COMMENTS = YES;
				CLANG_WARN_EMPTY_BODY = YES;
				CLANG_WARN_ENUM_CONVERSION = YES;
				CLANG_WARN_INFINITE_RECURSION = YES;
				CLANG_WARN_INT_CONVERSION = YES;
				CLANG_WARN_OBJC_ROOT_CLASS = YES_ERROR;
				CLANG_WARN_SUSPICIOUS_MOVE = YES;
				CLANG_WARN_UNREACHABLE_CODE = YES;
				CLANG_WARN__DUPLICATE_METHOD_MATCH = YES;
				"CODE_SIGN_IDENTITY[sdk=iphoneos*]" = "iPhone Developer";
				COPY_PHASE_STRIP = NO;
				DEBUG_INFORMATION_FORMAT = dwarf;
				ENABLE_STRICT_OBJC_MSGSEND = YES;
				ENABLE_TESTABILITY = YES;
				GCC_C_LANGUAGE_STANDARD = gnu99;
				GCC_DYNAMIC_NO_PIC = NO;
				GCC_NO_COMMON_BLOCKS = YES;
				GCC_OPTIMIZATION_LEVEL = 0;
				GCC_PREPROCESSOR_DEFINITIONS = (
					"DEBUG=1",
					"$(inherited)",
				);
				GCC_WARN_64_TO_32_BIT_CONVERSION = YES;
				GCC_WARN_ABOUT_RETURN_TYPE = YES_ERROR;
				GCC_WARN_UNDECLARED_SELECTOR = YES;
				GCC_WARN_UNINITIALIZED_AUTOS = YES_AGGRESSIVE;
				GCC_WARN_UNUSED_FUNCTION = YES;
				GCC_WARN_UNUSED_VARIABLE = YES;
				IPHONEOS_DEPLOYMENT_TARGET = 10.2;
				MTL_ENABLE_DEBUG_INFO = YES;
				ONLY_ACTIVE_ARCH = YES;
				SDKROOT = iphoneos;
				SWIFT_ACTIVE_COMPILATION_CONDITIONS = DEBUG;
				SWIFT_OPTIMIZATION_LEVEL = "-Onone";
				TARGETED_DEVICE_FAMILY = "1,2";
			};
			name = Debug;
		};
		037EA7741E2730DB00E6291B /* Release */ = {
			isa = XCBuildConfiguration;
			buildSettings = {
				ALWAYS_SEARCH_USER_PATHS = NO;
				CLANG_ANALYZER_NONNULL = YES;
				CLANG_CXX_LANGUAGE_STANDARD = "gnu++0x";
				CLANG_CXX_LIBRARY = "libc++";
				CLANG_ENABLE_MODULES = YES;
				CLANG_ENABLE_OBJC_ARC = YES;
				CLANG_WARN_BOOL_CONVERSION = YES;
				CLANG_WARN_CONSTANT_CONVERSION = YES;
				CLANG_WARN_DIRECT_OBJC_ISA_USAGE = YES_ERROR;
				CLANG_WARN_DOCUMENTATION_COMMENTS = YES;
				CLANG_WARN_EMPTY_BODY = YES;
				CLANG_WARN_ENUM_CONVERSION = YES;
				CLANG_WARN_INFINITE_RECURSION = YES;
				CLANG_WARN_INT_CONVERSION = YES;
				CLANG_WARN_OBJC_ROOT_CLASS = YES_ERROR;
				CLANG_WARN_SUSPICIOUS_MOVE = YES;
				CLANG_WARN_UNREACHABLE_CODE = YES;
				CLANG_WARN__DUPLICATE_METHOD_MATCH = YES;
				"CODE_SIGN_IDENTITY[sdk=iphoneos*]" = "iPhone Developer";
				COPY_PHASE_STRIP = NO;
				DEBUG_INFORMATION_FORMAT = "dwarf-with-dsym";
				ENABLE_NS_ASSERTIONS = NO;
				ENABLE_STRICT_OBJC_MSGSEND = YES;
				GCC_C_LANGUAGE_STANDARD = gnu99;
				GCC_NO_COMMON_BLOCKS = YES;
				GCC_WARN_64_TO_32_BIT_CONVERSION = YES;
				GCC_WARN_ABOUT_RETURN_TYPE = YES_ERROR;
				GCC_WARN_UNDECLARED_SELECTOR = YES;
				GCC_WARN_UNINITIALIZED_AUTOS = YES_AGGRESSIVE;
				GCC_WARN_UNUSED_FUNCTION = YES;
				GCC_WARN_UNUSED_VARIABLE = YES;
				IPHONEOS_DEPLOYMENT_TARGET = 10.2;
				MTL_ENABLE_DEBUG_INFO = NO;
				SDKROOT = iphoneos;
				SWIFT_OPTIMIZATION_LEVEL = "-Owholemodule";
				TARGETED_DEVICE_FAMILY = "1,2";
				VALIDATE_PRODUCT = YES;
			};
			name = Release;
		};
		037EA7761E2730DB00E6291B /* Debug */ = {
			isa = XCBuildConfiguration;
			buildSettings = {
				ASSETCATALOG_COMPILER_APPICON_NAME = AppIcon;
				DEVELOPMENT_TEAM = AYVE6D222F;
				INFOPLIST_FILE = "Eat It or Wear It/Info.plist";
				LD_RUNPATH_SEARCH_PATHS = "$(inherited) @executable_path/Frameworks";
				PRODUCT_BUNDLE_IDENTIFIER = "natetomlinson.Eat-It-or-Wear-It";
				PRODUCT_NAME = "$(TARGET_NAME)";
				SWIFT_VERSION = 3.0;
			};
			name = Debug;
		};
		037EA7771E2730DB00E6291B /* Release */ = {
			isa = XCBuildConfiguration;
			buildSettings = {
				ASSETCATALOG_COMPILER_APPICON_NAME = AppIcon;
				DEVELOPMENT_TEAM = AYVE6D222F;
				INFOPLIST_FILE = "Eat It or Wear It/Info.plist";
				LD_RUNPATH_SEARCH_PATHS = "$(inherited) @executable_path/Frameworks";
				PRODUCT_BUNDLE_IDENTIFIER = "natetomlinson.Eat-It-or-Wear-It";
				PRODUCT_NAME = "$(TARGET_NAME)";
				SWIFT_VERSION = 3.0;
			};
			name = Release;
		};
		037EA7791E2730DB00E6291B /* Debug */ = {
			isa = XCBuildConfiguration;
			buildSettings = {
				ALWAYS_EMBED_SWIFT_STANDARD_LIBRARIES = YES;
				BUNDLE_LOADER = "$(TEST_HOST)";
				DEVELOPMENT_TEAM = AYVE6D222F;
				INFOPLIST_FILE = "Eat It or Wear ItTests/Info.plist";
				LD_RUNPATH_SEARCH_PATHS = "$(inherited) @executable_path/Frameworks @loader_path/Frameworks";
				PRODUCT_BUNDLE_IDENTIFIER = "natetomlinson.Eat-It-or-Wear-ItTests";
				PRODUCT_NAME = "$(TARGET_NAME)";
				SWIFT_VERSION = 3.0;
				TEST_HOST = "$(BUILT_PRODUCTS_DIR)/Eat It or Wear It.app/Eat It or Wear It";
			};
			name = Debug;
		};
		037EA77A1E2730DB00E6291B /* Release */ = {
			isa = XCBuildConfiguration;
			buildSettings = {
				ALWAYS_EMBED_SWIFT_STANDARD_LIBRARIES = YES;
				BUNDLE_LOADER = "$(TEST_HOST)";
				DEVELOPMENT_TEAM = AYVE6D222F;
				INFOPLIST_FILE = "Eat It or Wear ItTests/Info.plist";
				LD_RUNPATH_SEARCH_PATHS = "$(inherited) @executable_path/Frameworks @loader_path/Frameworks";
				PRODUCT_BUNDLE_IDENTIFIER = "natetomlinson.Eat-It-or-Wear-ItTests";
				PRODUCT_NAME = "$(TARGET_NAME)";
				SWIFT_VERSION = 3.0;
				TEST_HOST = "$(BUILT_PRODUCTS_DIR)/Eat It or Wear It.app/Eat It or Wear It";
			};
			name = Release;
		};
		037EA77C1E2730DB00E6291B /* Debug */ = {
			isa = XCBuildConfiguration;
			buildSettings = {
				ALWAYS_EMBED_SWIFT_STANDARD_LIBRARIES = YES;
				DEVELOPMENT_TEAM = AYVE6D222F;
				INFOPLIST_FILE = "Eat It or Wear ItUITests/Info.plist";
				LD_RUNPATH_SEARCH_PATHS = "$(inherited) @executable_path/Frameworks @loader_path/Frameworks";
				PRODUCT_BUNDLE_IDENTIFIER = "natetomlinson.Eat-It-or-Wear-ItUITests";
				PRODUCT_NAME = "$(TARGET_NAME)";
				SWIFT_VERSION = 3.0;
				TEST_TARGET_NAME = "Eat It or Wear It";
			};
			name = Debug;
		};
		037EA77D1E2730DB00E6291B /* Release */ = {
			isa = XCBuildConfiguration;
			buildSettings = {
				ALWAYS_EMBED_SWIFT_STANDARD_LIBRARIES = YES;
				DEVELOPMENT_TEAM = AYVE6D222F;
				INFOPLIST_FILE = "Eat It or Wear ItUITests/Info.plist";
				LD_RUNPATH_SEARCH_PATHS = "$(inherited) @executable_path/Frameworks @loader_path/Frameworks";
				PRODUCT_BUNDLE_IDENTIFIER = "natetomlinson.Eat-It-or-Wear-ItUITests";
				PRODUCT_NAME = "$(TARGET_NAME)";
				SWIFT_VERSION = 3.0;
				TEST_TARGET_NAME = "Eat It or Wear It";
			};
			name = Release;
		};
/* End XCBuildConfiguration section */

/* Begin XCConfigurationList section */
		037EA7481E2730D900E6291B /* Build configuration list for PBXProject "Eat It or Wear It" */ = {
			isa = XCConfigurationList;
			buildConfigurations = (
				037EA7731E2730DB00E6291B /* Debug */,
				037EA7741E2730DB00E6291B /* Release */,
			);
			defaultConfigurationIsVisible = 0;
			defaultConfigurationName = Release;
		};
		037EA7751E2730DB00E6291B /* Build configuration list for PBXNativeTarget "Eat It or Wear It" */ = {
			isa = XCConfigurationList;
			buildConfigurations = (
				037EA7761E2730DB00E6291B /* Debug */,
				037EA7771E2730DB00E6291B /* Release */,
			);
			defaultConfigurationIsVisible = 0;
		};
		037EA7781E2730DB00E6291B /* Build configuration list for PBXNativeTarget "Eat It or Wear ItTests" */ = {
			isa = XCConfigurationList;
			buildConfigurations = (
				037EA7791E2730DB00E6291B /* Debug */,
				037EA77A1E2730DB00E6291B /* Release */,
			);
			defaultConfigurationIsVisible = 0;
		};
		037EA77B1E2730DB00E6291B /* Build configuration list for PBXNativeTarget "Eat It or Wear ItUITests" */ = {
			isa = XCConfigurationList;
			buildConfigurations = (
				037EA77C1E2730DB00E6291B /* Debug */,
				037EA77D1E2730DB00E6291B /* Release */,
			);
			defaultConfigurationIsVisible = 0;
		};
/* End XCConfigurationList section */
	};
	rootObject = 037EA7451E2730D900E6291B /* Project object */;
}
